{
  "requires": true,
  "lockfileVersion": 1,
  "dependencies": {
    "wc-state-reducers": {
      "version": "0.0.1",
      "resolved": "https://registry.npmjs.org/wc-state-reducers/-/wc-state-reducers-0.0.1.tgz",
      "integrity": "sha512-jiyNIPi9cNmwLrF7gzUVoUplOhGvnSb28XZZBor0lSxFGAAon6+Y4ro6cLvC6znHEa7LH3oIJSxjq1XJHZ3tbQ=="
    }
  }
}
